
Microsoft Visual Studio Solution File, Format Version 12.00
# Visual Studio 2017
Project("{FAE04EC0-301F-11D3-BF4B-00C04F79EFBC}") = "Diamond_square_early_st", "Diamond_square_early_st.csproj", "{7888A144-3A3F-04A1-8F1B-6DF54F16B481}"
EndProject
Project("{FAE04EC0-301F-11D3-BF4B-00C04F79EFBC}") = "Diamond_square_early_st.Plugins", "Diamond_square_early_st.Plugins.csproj", "{57398EAE-8185-B47F-4D5C-DCD446CD57B6}"
EndProject
Global
	GlobalSection(SolutionConfigurationPlatforms) = preSolution
		Debug|Any CPU = Debug|Any CPU
		Release|Any CPU = Release|Any CPU
	EndGlobalSection
	GlobalSection(ProjectConfigurationPlatforms) = postSolution
		{7888A144-3A3F-04A1-8F1B-6DF54F16B481}.Debug|Any CPU.ActiveCfg = Debug|Any CPU
		{7888A144-3A3F-04A1-8F1B-6DF54F16B481}.Debug|Any CPU.Build.0 = Debug|Any CPU
		{7888A144-3A3F-04A1-8F1B-6DF54F16B481}.Release|Any CPU.ActiveCfg = Release|Any CPU
		{7888A144-3A3F-04A1-8F1B-6DF54F16B481}.Release|Any CPU.Build.0 = Release|Any CPU
		{57398EAE-8185-B47F-4D5C-DCD446CD57B6}.Debug|Any CPU.ActiveCfg = Debug|Any CPU
		{57398EAE-8185-B47F-4D5C-DCD446CD57B6}.Debug|Any CPU.Build.0 = Debug|Any CPU
		{57398EAE-8185-B47F-4D5C-DCD446CD57B6}.Release|Any CPU.ActiveCfg = Release|Any CPU
		{57398EAE-8185-B47F-4D5C-DCD446CD57B6}.Release|Any CPU.Build.0 = Release|Any CPU
	EndGlobalSection
	GlobalSection(SolutionProperties) = preSolution
		HideSolutionNode = FALSE
	EndGlobalSection
EndGlobal
